// !$*UTF8*$!
{
	archiveVersion = 1;
	classes = {
	};
	objectVersion = 50;
	objects = {

/* Begin PBXBuildFile section */
		C033080D265ACE9600B74FBC /* AutocasaApp.swift in Sources */ = {isa = PBXBuildFile; fileRef = C033080C265ACE9600B74FBC /* AutocasaApp.swift */; };
		C033080F265ACE9600B74FBC /* ContentView.swift in Sources */ = {isa = PBXBuildFile; fileRef = C033080E265ACE9600B74FBC /* ContentView.swift */; };
		C0330811265ACE9A00B74FBC /* Assets.xcassets in Resources */ = {isa = PBXBuildFile; fileRef = C0330810265ACE9A00B74FBC /* Assets.xcassets */; };
		C0330814265ACE9A00B74FBC /* Preview Assets.xcassets in Resources */ = {isa = PBXBuildFile; fileRef = C0330813265ACE9A00B74FBC /* Preview Assets.xcassets */; };
		C033081F265AE51100B74FBC /* DevicesView.swift in Sources */ = {isa = PBXBuildFile; fileRef = C033081E265AE51100B74FBC /* DevicesView.swift */; };
		C0330822265AE52700B74FBC /* DevicesRowView.swift in Sources */ = {isa = PBXBuildFile; fileRef = C0330821265AE52700B74FBC /* DevicesRowView.swift */; };
		C0330826265AE56900B74FBC /* Device.swift in Sources */ = {isa = PBXBuildFile; fileRef = C0330825265AE56900B74FBC /* Device.swift */; };
		C0330828265AE57100B74FBC /* DeviceViewModel.swift in Sources */ = {isa = PBXBuildFile; fileRef = C0330827265AE57100B74FBC /* DeviceViewModel.swift */; };
		C033082B265AE5AB00B74FBC /* DevicePresenter.swift in Sources */ = {isa = PBXBuildFile; fileRef = C033082A265AE5AB00B74FBC /* DevicePresenter.swift */; };
		C033082E265AE5B900B74FBC /* DeviceInteractor.swift in Sources */ = {isa = PBXBuildFile; fileRef = C033082D265AE5B900B74FBC /* DeviceInteractor.swift */; };
		C0330830265AE62A00B74FBC /* DevicesInteractor.swift in Sources */ = {isa = PBXBuildFile; fileRef = C033082F265AE62A00B74FBC /* DevicesInteractor.swift */; };
		C0330833265AE6F000B74FBC /* DeviceWorker.swift in Sources */ = {isa = PBXBuildFile; fileRef = C0330832265AE6F000B74FBC /* DeviceWorker.swift */; };
		C0330836265AE70F00B74FBC /* DeviceStore.swift in Sources */ = {isa = PBXBuildFile; fileRef = C0330835265AE70F00B74FBC /* DeviceStore.swift */; };
		C0330838265AE73C00B74FBC /* DevicesStore.swift in Sources */ = {isa = PBXBuildFile; fileRef = C0330837265AE73C00B74FBC /* DevicesStore.swift */; };
		C033083A265AE77000B74FBC /* DevicesPresenter.swift in Sources */ = {isa = PBXBuildFile; fileRef = C0330839265AE77000B74FBC /* DevicesPresenter.swift */; };
		C033083D265AF3CF00B74FBC /* Coordinator.swift in Sources */ = {isa = PBXBuildFile; fileRef = C033083C265AF3CF00B74FBC /* Coordinator.swift */; };
		C033083F265AF3DE00B74FBC /* DeviceCoordinator.swift in Sources */ = {isa = PBXBuildFile; fileRef = C033083E265AF3DE00B74FBC /* DeviceCoordinator.swift */; };
		C0330841265AF3E700B74FBC /* DevicesCoordinator.swift in Sources */ = {isa = PBXBuildFile; fileRef = C0330840265AF3E600B74FBC /* DevicesCoordinator.swift */; };
/* End PBXBuildFile section */

/* Begin PBXFileReference section */
		C0330809265ACE9600B74FBC /* Autocasa.app */ = {isa = PBXFileReference; explicitFileType = wrapper.application; includeInIndex = 0; path = Autocasa.app; sourceTree = BUILT_PRODUCTS_DIR; };
		C033080C265ACE9600B74FBC /* AutocasaApp.swift */ = {isa = PBXFileReference; lastKnownFileType = sourcecode.swift; path = AutocasaApp.swift; sourceTree = "<group>"; };
		C033080E265ACE9600B74FBC /* ContentView.swift */ = {isa = PBXFileReference; lastKnownFileType = sourcecode.swift; path = ContentView.swift; sourceTree = "<group>"; };
		C0330810265ACE9A00B74FBC /* Assets.xcassets */ = {isa = PBXFileReference; lastKnownFileType = folder.assetcatalog; path = Assets.xcassets; sourceTree = "<group>"; };
		C0330813265ACE9A00B74FBC /* Preview Assets.xcassets */ = {isa = PBXFileReference; lastKnownFileType = folder.assetcatalog; path = "Preview Assets.xcassets"; sourceTree = "<group>"; };
		C0330815265ACE9A00B74FBC /* Info.plist */ = {isa = PBXFileReference; lastKnownFileType = text.plist.xml; path = Info.plist; sourceTree = "<group>"; };
		C033081E265AE51100B74FBC /* DevicesView.swift */ = {isa = PBXFileReference; lastKnownFileType = sourcecode.swift; path = DevicesView.swift; sourceTree = "<group>"; };
		C0330821265AE52700B74FBC /* DevicesRowView.swift */ = {isa = PBXFileReference; lastKnownFileType = sourcecode.swift; path = DevicesRowView.swift; sourceTree = "<group>"; };
		C0330825265AE56900B74FBC /* Device.swift */ = {isa = PBXFileReference; lastKnownFileType = sourcecode.swift; path = Device.swift; sourceTree = "<group>"; };
		C0330827265AE57100B74FBC /* DeviceViewModel.swift */ = {isa = PBXFileReference; lastKnownFileType = sourcecode.swift; path = DeviceViewModel.swift; sourceTree = "<group>"; };
		C033082A265AE5AB00B74FBC /* DevicePresenter.swift */ = {isa = PBXFileReference; lastKnownFileType = sourcecode.swift; path = DevicePresenter.swift; sourceTree = "<group>"; };
		C033082D265AE5B900B74FBC /* DeviceInteractor.swift */ = {isa = PBXFileReference; lastKnownFileType = sourcecode.swift; path = DeviceInteractor.swift; sourceTree = "<group>"; };
		C033082F265AE62A00B74FBC /* DevicesInteractor.swift */ = {isa = PBXFileReference; lastKnownFileType = sourcecode.swift; path = DevicesInteractor.swift; sourceTree = "<group>"; };
		C0330832265AE6F000B74FBC /* DeviceWorker.swift */ = {isa = PBXFileReference; lastKnownFileType = sourcecode.swift; path = DeviceWorker.swift; sourceTree = "<group>"; };
		C0330835265AE70F00B74FBC /* DeviceStore.swift */ = {isa = PBXFileReference; lastKnownFileType = sourcecode.swift; path = DeviceStore.swift; sourceTree = "<group>"; };
		C0330837265AE73C00B74FBC /* DevicesStore.swift */ = {isa = PBXFileReference; lastKnownFileType = sourcecode.swift; path = DevicesStore.swift; sourceTree = "<group>"; };
		C0330839265AE77000B74FBC /* DevicesPresenter.swift */ = {isa = PBXFileReference; lastKnownFileType = sourcecode.swift; path = DevicesPresenter.swift; sourceTree = "<group>"; };
		C033083C265AF3CF00B74FBC /* Coordinator.swift */ = {isa = PBXFileReference; lastKnownFileType = sourcecode.swift; path = Coordinator.swift; sourceTree = "<group>"; };
		C033083E265AF3DE00B74FBC /* DeviceCoordinator.swift */ = {isa = PBXFileReference; lastKnownFileType = sourcecode.swift; path = DeviceCoordinator.swift; sourceTree = "<group>"; };
		C0330840265AF3E600B74FBC /* DevicesCoordinator.swift */ = {isa = PBXFileReference; lastKnownFileType = sourcecode.swift; path = DevicesCoordinator.swift; sourceTree = "<group>"; };
/* End PBXFileReference section */

/* Begin PBXFrameworksBuildPhase section */
		C0330806265ACE9600B74FBC /* Frameworks */ = {
			isa = PBXFrameworksBuildPhase;
			buildActionMask = 2147483647;
			files = (
			);
			runOnlyForDeploymentPostprocessing = 0;
		};
/* End PBXFrameworksBuildPhase section */

/* Begin PBXGroup section */
		C0330800265ACE9600B74FBC = {
			isa = PBXGroup;
			children = (
				C033080B265ACE9600B74FBC /* Autocasa */,
				C033080A265ACE9600B74FBC /* Products */,
			);
			sourceTree = "<group>";
		};
		C033080A265ACE9600B74FBC /* Products */ = {
			isa = PBXGroup;
			children = (
				C0330809265ACE9600B74FBC /* Autocasa.app */,
			);
			name = Products;
			sourceTree = "<group>";
		};
		C033080B265ACE9600B74FBC /* Autocasa */ = {
			isa = PBXGroup;
			children = (
				C033083B265AF3BA00B74FBC /* Coordinators */,
				C033082C265AE5B000B74FBC /* Interactors */,
				C0330823265AE55900B74FBC /* Models */,
				C0330829265AE5A100B74FBC /* Presenters */,
				C033081B265ACEBF00B74FBC /* Resourcers */,
				C0330834265AE70600B74FBC /* Stores */,
				C0330820265AE51B00B74FBC /* Views */,
				C0330824265AE55F00B74FBC /* ViewModels */,
				C0330831265AE6E200B74FBC /* Workers */,
				C033080C265ACE9600B74FBC /* AutocasaApp.swift */,
				C033080E265ACE9600B74FBC /* ContentView.swift */,
				C0330815265ACE9A00B74FBC /* Info.plist */,
				C0330812265ACE9A00B74FBC /* Preview Content */,
			);
			path = Autocasa;
			sourceTree = "<group>";
		};
		C0330812265ACE9A00B74FBC /* Preview Content */ = {
			isa = PBXGroup;
			children = (
				C0330813265ACE9A00B74FBC /* Preview Assets.xcassets */,
			);
			path = "Preview Content";
			sourceTree = "<group>";
		};
		C033081B265ACEBF00B74FBC /* Resourcers */ = {
			isa = PBXGroup;
			children = (
				C0330810265ACE9A00B74FBC /* Assets.xcassets */,
			);
			path = Resourcers;
			sourceTree = "<group>";
		};
		C0330820265AE51B00B74FBC /* Views */ = {
			isa = PBXGroup;
			children = (
				C033081E265AE51100B74FBC /* DevicesView.swift */,
				C0330821265AE52700B74FBC /* DevicesRowView.swift */,
			);
			path = Views;
			sourceTree = "<group>";
		};
		C0330823265AE55900B74FBC /* Models */ = {
			isa = PBXGroup;
			children = (
				C0330825265AE56900B74FBC /* Device.swift */,
			);
			path = Models;
			sourceTree = "<group>";
		};
		C0330824265AE55F00B74FBC /* ViewModels */ = {
			isa = PBXGroup;
			children = (
				C0330827265AE57100B74FBC /* DeviceViewModel.swift */,
			);
			path = ViewModels;
			sourceTree = "<group>";
		};
		C0330829265AE5A100B74FBC /* Presenters */ = {
			isa = PBXGroup;
			children = (
				C033082A265AE5AB00B74FBC /* DevicePresenter.swift */,
				C0330839265AE77000B74FBC /* DevicesPresenter.swift */,
			);
			path = Presenters;
			sourceTree = "<group>";
		};
		C033082C265AE5B000B74FBC /* Interactors */ = {
			isa = PBXGroup;
			children = (
				C033082D265AE5B900B74FBC /* DeviceInteractor.swift */,
				C033082F265AE62A00B74FBC /* DevicesInteractor.swift */,
			);
			path = Interactors;
			sourceTree = "<group>";
		};
		C0330831265AE6E200B74FBC /* Workers */ = {
			isa = PBXGroup;
			children = (
				C0330832265AE6F000B74FBC /* DeviceWorker.swift */,
			);
			path = Workers;
			sourceTree = "<group>";
		};
		C0330834265AE70600B74FBC /* Stores */ = {
			isa = PBXGroup;
			children = (
				C0330835265AE70F00B74FBC /* DeviceStore.swift */,
				C0330837265AE73C00B74FBC /* DevicesStore.swift */,
			);
			path = Stores;
			sourceTree = "<group>";
		};
		C033083B265AF3BA00B74FBC /* Coordinators */ = {
			isa = PBXGroup;
			children = (
				C033083C265AF3CF00B74FBC /* Coordinator.swift */,
				C033083E265AF3DE00B74FBC /* DeviceCoordinator.swift */,
				C0330840265AF3E600B74FBC /* DevicesCoordinator.swift */,
			);
			path = Coordinators;
			sourceTree = "<group>";
		};
/* End PBXGroup section */

/* Begin PBXNativeTarget section */
		C0330808265ACE9600B74FBC /* Autocasa */ = {
			isa = PBXNativeTarget;
			buildConfigurationList = C0330818265ACE9A00B74FBC /* Build configuration list for PBXNativeTarget "Autocasa" */;
			buildPhases = (
				C0330805265ACE9600B74FBC /* Sources */,
				C0330806265ACE9600B74FBC /* Frameworks */,
				C0330807265ACE9600B74FBC /* Resources */,
			);
			buildRules = (
			);
			dependencies = (
			);
			name = Autocasa;
			productName = Autocasa;
			productReference = C0330809265ACE9600B74FBC /* Autocasa.app */;
			productType = "com.apple.product-type.application";
		};
/* End PBXNativeTarget section */

/* Begin PBXProject section */
		C0330801265ACE9600B74FBC /* Project object */ = {
			isa = PBXProject;
			attributes = {
				LastSwiftUpdateCheck = 1250;
				LastUpgradeCheck = 1250;
				TargetAttributes = {
					C0330808265ACE9600B74FBC = {
						CreatedOnToolsVersion = 12.5;
					};
				};
			};
			buildConfigurationList = C0330804265ACE9600B74FBC /* Build configuration list for PBXProject "Autocasa" */;
			compatibilityVersion = "Xcode 9.3";
			developmentRegion = en;
			hasScannedForEncodings = 0;
			knownRegions = (
				en,
				Base,
			);
			mainGroup = C0330800265ACE9600B74FBC;
			productRefGroup = C033080A265ACE9600B74FBC /* Products */;
			projectDirPath = "";
			projectRoot = "";
			targets = (
				C0330808265ACE9600B74FBC /* Autocasa */,
			);
		};
/* End PBXProject section */

/* Begin PBXResourcesBuildPhase section */
		C0330807265ACE9600B74FBC /* Resources */ = {
			isa = PBXResourcesBuildPhase;
			buildActionMask = 2147483647;
			files = (
				C0330814265ACE9A00B74FBC /* Preview Assets.xcassets in Resources */,
				C0330811265ACE9A00B74FBC /* Assets.xcassets in Resources */,
			);
			runOnlyForDeploymentPostprocessing = 0;
		};
/* End PBXResourcesBuildPhase section */

/* Begin PBXSourcesBuildPhase section */
		C0330805265ACE9600B74FBC /* Sources */ = {
			isa = PBXSourcesBuildPhase;
			buildActionMask = 2147483647;
			files = (
				C0330833265AE6F000B74FBC /* DeviceWorker.swift in Sources */,
				C0330841265AF3E700B74FBC /* DevicesCoordinator.swift in Sources */,
				C0330836265AE70F00B74FBC /* DeviceStore.swift in Sources */,
				C033083D265AF3CF00B74FBC /* Coordinator.swift in Sources */,
				C033083A265AE77000B74FBC /* DevicesPresenter.swift in Sources */,
				C033082B265AE5AB00B74FBC /* DevicePresenter.swift in Sources */,
				C0330822265AE52700B74FBC /* DevicesRowView.swift in Sources */,
				C033083F265AF3DE00B74FBC /* DeviceCoordinator.swift in Sources */,
				C0330830265AE62A00B74FBC /* DevicesInteractor.swift in Sources */,
				C033082E265AE5B900B74FBC /* DeviceInteractor.swift in Sources */,
				C033080F265ACE9600B74FBC /* ContentView.swift in Sources */,
				C0330826265AE56900B74FBC /* Device.swift in Sources */,
				C033081F265AE51100B74FBC /* DevicesView.swift in Sources */,
				C0330828265AE57100B74FBC /* DeviceViewModel.swift in Sources */,
				C033080D265ACE9600B74FBC /* AutocasaApp.swift in Sources */,
				C0330838265AE73C00B74FBC /* DevicesStore.swift in Sources */,
			);
			runOnlyForDeploymentPostprocessing = 0;
		};
/* End PBXSourcesBuildPhase section */

/* Begin XCBuildConfiguration section */
		C0330816265ACE9A00B74FBC /* Debug */ = {
			isa = XCBuildConfiguration;
			buildSettings = {
				ALWAYS_SEARCH_USER_PATHS = NO;
				CLANG_ANALYZER_NONNULL = YES;
				CLANG_ANALYZER_NUMBER_OBJECT_CONVERSION = YES_AGGRESSIVE;
				CLANG_CXX_LANGUAGE_STANDARD = "gnu++14";
				CLANG_CXX_LIBRARY = "libc++";
				CLANG_ENABLE_MODULES = YES;
				CLANG_ENABLE_OBJC_ARC = YES;
				CLANG_ENABLE_OBJC_WEAK = YES;
				CLANG_WARN_BLOCK_CAPTURE_AUTORELEASING = YES;
				CLANG_WARN_BOOL_CONVERSION = YES;
				CLANG_WARN_COMMA = YES;
				CLANG_WARN_CONSTANT_CONVERSION = YES;
				CLANG_WARN_DEPRECATED_OBJC_IMPLEMENTATIONS = YES;
				CLANG_WARN_DIRECT_OBJC_ISA_USAGE = YES_ERROR;
				CLANG_WARN_DOCUMENTATION_COMMENTS = YES;
				CLANG_WARN_EMPTY_BODY = YES;
				CLANG_WARN_ENUM_CONVERSION = YES;
				CLANG_WARN_INFINITE_RECURSION = YES;
				CLANG_WARN_INT_CONVERSION = YES;
				CLANG_WARN_NON_LITERAL_NULL_CONVERSION = YES;
				CLANG_WARN_OBJC_IMPLICIT_RETAIN_SELF = YES;
				CLANG_WARN_OBJC_LITERAL_CONVERSION = YES;
				CLANG_WARN_OBJC_ROOT_CLASS = YES_ERROR;
				CLANG_WARN_QUOTED_INCLUDE_IN_FRAMEWORK_HEADER = YES;
				CLANG_WARN_RANGE_LOOP_ANALYSIS = YES;
				CLANG_WARN_STRICT_PROTOTYPES = YES;
				CLANG_WARN_SUSPICIOUS_MOVE = YES;
				CLANG_WARN_UNGUARDED_AVAILABILITY = YES_AGGRESSIVE;
				CLANG_WARN_UNREACHABLE_CODE = YES;
				CLANG_WARN__DUPLICATE_METHOD_MATCH = YES;
				COPY_PHASE_STRIP = NO;
				DEBUG_INFORMATION_FORMAT = dwarf;
				ENABLE_STRICT_OBJC_MSGSEND = YES;
				ENABLE_TESTABILITY = YES;
				GCC_C_LANGUAGE_STANDARD = gnu11;
				GCC_DYNAMIC_NO_PIC = NO;
				GCC_NO_COMMON_BLOCKS = YES;
				GCC_OPTIMIZATION_LEVEL = 0;
				GCC_PREPROCESSOR_DEFINITIONS = (
					"DEBUG=1",
					"$(inherited)",
				);
				GCC_WARN_64_TO_32_BIT_CONVERSION = YES;
				GCC_WARN_ABOUT_RETURN_TYPE = YES_ERROR;
				GCC_WARN_UNDECLARED_SELECTOR = YES;
				GCC_WARN_UNINITIALIZED_AUTOS = YES_AGGRESSIVE;
				GCC_WARN_UNUSED_FUNCTION = YES;
				GCC_WARN_UNUSED_VARIABLE = YES;
				IPHONEOS_DEPLOYMENT_TARGET = 14.5;
				MTL_ENABLE_DEBUG_INFO = INCLUDE_SOURCE;
				MTL_FAST_MATH = YES;
				ONLY_ACTIVE_ARCH = YES;
				SDKROOT = iphoneos;
				SWIFT_ACTIVE_COMPILATION_CONDITIONS = DEBUG;
				SWIFT_OPTIMIZATION_LEVEL = "-Onone";
			};
			name = Debug;
		};
		C0330817265ACE9A00B74FBC /* Release */ = {
			isa = XCBuildConfiguration;
			buildSettings = {
				ALWAYS_SEARCH_USER_PATHS = NO;
				CLANG_ANALYZER_NONNULL = YES;
				CLANG_ANALYZER_NUMBER_OBJECT_CONVERSION = YES_AGGRESSIVE;
				CLANG_CXX_LANGUAGE_STANDARD = "gnu++14";
				CLANG_CXX_LIBRARY = "libc++";
				CLANG_ENABLE_MODULES = YES;
				CLANG_ENABLE_OBJC_ARC = YES;
				CLANG_ENABLE_OBJC_WEAK = YES;
				CLANG_WARN_BLOCK_CAPTURE_AUTORELEASING = YES;
				CLANG_WARN_BOOL_CONVERSION = YES;
				CLANG_WARN_COMMA = YES;
				CLANG_WARN_CONSTANT_CONVERSION = YES;
				CLANG_WARN_DEPRECATED_OBJC_IMPLEMENTATIONS = YES;
				CLANG_WARN_DIRECT_OBJC_ISA_USAGE = YES_ERROR;
				CLANG_WARN_DOCUMENTATION_COMMENTS = YES;
				CLANG_WARN_EMPTY_BODY = YES;
				CLANG_WARN_ENUM_CONVERSION = YES;
				CLANG_WARN_INFINITE_RECURSION = YES;
				CLANG_WARN_INT_CONVERSION = YES;
				CLANG_WARN_NON_LITERAL_NULL_CONVERSION = YES;
				CLANG_WARN_OBJC_IMPLICIT_RETAIN_SELF = YES;
				CLANG_WARN_OBJC_LITERAL_CONVERSION = YES;
				CLANG_WARN_OBJC_ROOT_CLASS = YES_ERROR;
				CLANG_WARN_QUOTED_INCLUDE_IN_FRAMEWORK_HEADER = YES;
				CLANG_WARN_RANGE_LOOP_ANALYSIS = YES;
				CLANG_WARN_STRICT_PROTOTYPES = YES;
				CLANG_WARN_SUSPICIOUS_MOVE = YES;
				CLANG_WARN_UNGUARDED_AVAILABILITY = YES_AGGRESSIVE;
				CLANG_WARN_UNREACHABLE_CODE = YES;
				CLANG_WARN__DUPLICATE_METHOD_MATCH = YES;
				COPY_PHASE_STRIP = NO;
				DEBUG_INFORMATION_FORMAT = "dwarf-with-dsym";
				ENABLE_NS_ASSERTIONS = NO;
				ENABLE_STRICT_OBJC_MSGSEND = YES;
				GCC_C_LANGUAGE_STANDARD = gnu11;
				GCC_NO_COMMON_BLOCKS = YES;
				GCC_WARN_64_TO_32_BIT_CONVERSION = YES;
				GCC_WARN_ABOUT_RETURN_TYPE = YES_ERROR;
				GCC_WARN_UNDECLARED_SELECTOR = YES;
				GCC_WARN_UNINITIALIZED_AUTOS = YES_AGGRESSIVE;
				GCC_WARN_UNUSED_FUNCTION = YES;
				GCC_WARN_UNUSED_VARIABLE = YES;
				IPHONEOS_DEPLOYMENT_TARGET = 14.5;
				MTL_ENABLE_DEBUG_INFO = NO;
				MTL_FAST_MATH = YES;
				SDKROOT = iphoneos;
				SWIFT_COMPILATION_MODE = wholemodule;
				SWIFT_OPTIMIZATION_LEVEL = "-O";
				VALIDATE_PRODUCT = YES;
			};
			name = Release;
		};
		C0330819265ACE9A00B74FBC /* Debug */ = {
			isa = XCBuildConfiguration;
			buildSettings = {
				ASSETCATALOG_COMPILER_APPICON_NAME = AppIcon;
				ASSETCATALOG_COMPILER_GLOBAL_ACCENT_COLOR_NAME = AccentColor;
				CODE_SIGN_STYLE = Automatic;
				DEVELOPMENT_ASSET_PATHS = "\"Autocasa/Preview Content\"";
				DEVELOPMENT_TEAM = D9FBK2WPJX;
				ENABLE_PREVIEWS = YES;
				INFOPLIST_FILE = Autocasa/Info.plist;
				IPHONEOS_DEPLOYMENT_TARGET = 14.0;
				LD_RUNPATH_SEARCH_PATHS = (
					"$(inherited)",
					"@executable_path/Frameworks",
				);
				PRODUCT_BUNDLE_IDENTIFIER = enzomaruffa.Autocasa;
				PRODUCT_NAME = "$(TARGET_NAME)";
				SWIFT_VERSION = 5.0;
				TARGETED_DEVICE_FAMILY = "1,2";
			};
			name = Debug;
		};
		C033081A265ACE9A00B74FBC /* Release */ = {
			isa = XCBuildConfiguration;
			buildSettings = {
				ASSETCATALOG_COMPILER_APPICON_NAME = AppIcon;
				ASSETCATALOG_COMPILER_GLOBAL_ACCENT_COLOR_NAME = AccentColor;
				CODE_SIGN_STYLE = Automatic;
				DEVELOPMENT_ASSET_PATHS = "\"Autocasa/Preview Content\"";
				DEVELOPMENT_TEAM = D9FBK2WPJX;
				ENABLE_PREVIEWS = YES;
				INFOPLIST_FILE = Autocasa/Info.plist;
				IPHONEOS_DEPLOYMENT_TARGET = 14.0;
				LD_RUNPATH_SEARCH_PATHS = (
					"$(inherited)",
					"@executable_path/Frameworks",
				);
				PRODUCT_BUNDLE_IDENTIFIER = enzomaruffa.Autocasa;
				PRODUCT_NAME = "$(TARGET_NAME)";
				SWIFT_VERSION = 5.0;
				TARGETED_DEVICE_FAMILY = "1,2";
			};
			name = Release;
		};
/* End XCBuildConfiguration section */

/* Begin XCConfigurationList section */
		C0330804265ACE9600B74FBC /* Build configuration list for PBXProject "Autocasa" */ = {
			isa = XCConfigurationList;
			buildConfigurations = (
				C0330816265ACE9A00B74FBC /* Debug */,
				C0330817265ACE9A00B74FBC /* Release */,
			);
			defaultConfigurationIsVisible = 0;
			defaultConfigurationName = Release;
		};
		C0330818265ACE9A00B74FBC /* Build configuration list for PBXNativeTarget "Autocasa" */ = {
			isa = XCConfigurationList;
			buildConfigurations = (
				C0330819265ACE9A00B74FBC /* Debug */,
				C033081A265ACE9A00B74FBC /* Release */,
			);
			defaultConfigurationIsVisible = 0;
			defaultConfigurationName = Release;
		};
/* End XCConfigurationList section */
	};
	rootObject = C0330801265ACE9600B74FBC /* Project object */;
}
